{
  "nodes": {
    "comma": {
      "flake": false,
      "locked": {
        "lastModified": 1588170489,
        "narHash": "sha256-IT7zlcM1Oh4sWeCJ1m4NkteuajPxTnNo1tbitG0eqlg=",
        "owner": "Shopify",
        "repo": "comma",
        "rev": "4a62ec17e20ce0e738a8e5126b4298a73903b468",
        "type": "github"
      },
      "original": {
        "owner": "Shopify",
        "repo": "comma",
        "type": "github"
      }
    },
    "flake-utils": {
      "locked": {
        "lastModified": 1601282935,
        "narHash": "sha256-WQAFV6sGGQxrRs3a+/Yj9xUYvhTpukQJIcMbIi7LCJ4=",
        "owner": "numtide",
        "repo": "flake-utils",
        "rev": "588973065fce51f4763287f0fda87a174d78bf48",
        "type": "github"
      },
      "original": {
        "owner": "numtide",
        "repo": "flake-utils",
        "type": "github"
      }
    },
    "home-manager": {
      "inputs": {
        "nixpkgs": [
          "nixpkgs"
        ]
      },
      "locked": {
        "lastModified": 1602452024,
        "narHash": "sha256-UZ8YYjSFKMlv4Wb4Qaq4TYewuLH2qBXkZE9JFo7SUTo=",
        "owner": "nix-community",
        "repo": "home-manager",
        "rev": "7339784e07217ed0232e08d1ea33b610c94657d8",
        "type": "github"
      },
      "original": {
        "owner": "nix-community",
        "ref": "release-20.09",
        "repo": "home-manager",
        "type": "github"
      }
    },
    "nixops": {
      "inputs": {
        "nixops-aws": "nixops-aws",
        "nixops-hetzner": "nixops-hetzner",
        "nixpkgs": "nixpkgs"
      },
      "locked": {
        "lastModified": 1591784847,
        "narHash": "sha256-nBmp7z8W88f9eDH7N1WX0tKudQ1EbvbE9/nX8FrSWRw=",
        "owner": "NixOS",
        "repo": "nixops",
        "rev": "c781c8f04786ab99b2e7afca01c94e3f25499b5d",
        "type": "github"
      },
      "original": {
        "owner": "NixOS",
        "ref": "flake-support",
        "repo": "nixops",
        "type": "github"
      }
    },
    "nixops-aws": {
      "flake": false,
      "locked": {
        "lastModified": 1586700941,
        "narHash": "sha256-9yh7iHMJ8F8wA4nwTjm8rcmceFM/6URHK/Q/AuCkdzE=",
        "owner": "NixOS",
        "repo": "nixops-aws",
        "rev": "af97c16f179cd0df94a6fc3ef470092122253f60",
        "type": "github"
      },
      "original": {
        "owner": "NixOS",
        "ref": "flake",
        "repo": "nixops-aws",
        "type": "github"
      }
    },
    "nixops-hetzner": {
      "flake": false,
      "locked": {
        "lastModified": 1586701048,
        "narHash": "sha256-q1QhsSp3N4nffnpUnGrF0Jg7VyLvi9JXiD82oxaM/Jg=",
        "owner": "NixOS",
        "repo": "nixops-hetzner",
        "rev": "663b02618ece7a92a72da408a552528ee8dd354c",
        "type": "github"
      },
      "original": {
        "owner": "NixOS",
        "ref": "zfs",
        "repo": "nixops-hetzner",
        "type": "github"
      }
    },
    "nixos-generators": {
      "flake": false,
      "locked": {
        "lastModified": 1603185450,
        "narHash": "sha256-JjLnqGXaKHSBbaZA58jqD3GfpCupf4iq5/D0AzvwHD4=",
        "owner": "nix-community",
        "repo": "nixos-generators",
        "rev": "5eb0cbe93bd1bcf134ec330c06b6f1e645de64c6",
        "type": "github"
      },
      "original": {
        "owner": "nix-community",
        "repo": "nixos-generators",
        "type": "github"
      }
    },
    "nixos-hardware": {
      "locked": {
        "lastModified": 1603168674,
        "narHash": "sha256-nX7t9jtzX96xieiwsKf/AL3yBiMl20Z2/IFyc1GQZk4=",
        "owner": "NixOS",
        "repo": "nixos-hardware",
        "rev": "e8c5f886b05178367c6a86903921c1e934303075",
        "type": "github"
      },
      "original": {
        "owner": "NixOS",
        "repo": "nixos-hardware",
        "type": "github"
      }
    },
    "nixpkgs": {
      "locked": {
        "lastModified": 1603179151,
        "narHash": "sha256-RP88t8wxWPZjo4wm2AXlpxCNeOoj1rJbUlpB5ZvthD4=",
        "owner": "NixOS",
        "repo": "nixpkgs",
        "rev": "7c2a362b58a1c2ba72d24aa3869da3b1a91d39e1",
        "type": "github"
      },
      "original": {
        "id": "nixpkgs",
        "ref": "nixos-20.03",
        "type": "indirect"
      }
    },
    "nixpkgs-unstable": {
      "locked": {
        "lastModified": 1603153815,
        "narHash": "sha256-uCav0CJ0Zm0vbqJiS9NUYD4XZg4Ww9bbsFzcDUzh2+U=",
        "owner": "NixOS",
        "repo": "nixpkgs",
        "rev": "007126eef72271480cb7670e19e501a1ad2c1ff2",
        "type": "github"
      },
      "original": {
        "owner": "NixOS",
        "ref": "nixos-unstable",
        "repo": "nixpkgs",
        "type": "github"
      }
    },
    "nixpkgs_2": {
      "locked": {
        "lastModified": 1603176674,
        "narHash": "sha256-r9vgYYqL1HfhMaVJX3b0rBoKHsc4FSSVnWArevM1Nss=",
        "owner": "NixOS",
        "repo": "nixpkgs",
        "rev": "05334ad78526ead39af85f846515606d9f052a11",
        "type": "github"
      },
      "original": {
        "owner": "NixOS",
        "ref": "nixos-20.09",
        "repo": "nixpkgs",
        "type": "github"
      }
    },
    "root": {
      "inputs": {
        "comma": "comma",
        "flake-utils": "flake-utils",
        "home-manager": "home-manager",
        "nixops": "nixops",
        "nixos-generators": "nixos-generators",
        "nixos-hardware": "nixos-hardware",
        "nixpkgs": "nixpkgs_2",
        "nixpkgs-unstable": "nixpkgs-unstable"
      }
    }
  },
  "root": "root",
  "version": 7
}
